// !$*UTF8*$!
{
	archiveVersion = 1;
	classes = {
	};
	objectVersion = 77;
	objects = {

/* Begin PBXBuildFile section */
		0A1170E1E8FC38EF56C3107B /* PartRequirement.swift in Sources */ = {isa = PBXBuildFile; fileRef = 009C834DB48C092DB1015255 /* PartRequirement.swift */; };
		0E9BD9BFDA7608BC52219787 /* ImageImportService.swift in Sources */ = {isa = PBXBuildFile; fileRef = D88479A229C7CBC68EDC6376 /* ImageImportService.swift */; };
		10E328BFA67381E82DA0EB31 /* Assets.xcassets in Resources */ = {isa = PBXBuildFile; fileRef = 4D0A43D9C2331A94A30440AA /* Assets.xcassets */; };
		181CE4078562ECCEFB887B55 /* NewProjectView.swift in Sources */ = {isa = PBXBuildFile; fileRef = 652720582467A4724A7E2783 /* NewProjectView.swift */; };
		1F65914E2EBC9749C826EBF4 /* MosaicGrid.swift in Sources */ = {isa = PBXBuildFile; fileRef = A0F6FFA2D27797E0A9B78A8C /* MosaicGrid.swift */; };
		2B0493190267D2EE1262B432 /* BrickCanvasProject.swift in Sources */ = {isa = PBXBuildFile; fileRef = 0C750B13372C1E6C2AD86BF4 /* BrickCanvasProject.swift */; };
		333F0DADFD19AADA5C830913 /* HomeView.swift in Sources */ = {isa = PBXBuildFile; fileRef = BE556B3C800E41ED603BF256 /* HomeView.swift */; };
		33DBE881BAECAFB098DB5392 /* PipelineFixtureSupport.swift in Sources */ = {isa = PBXBuildFile; fileRef = EF473AF05CDD54493DABB32B /* PipelineFixtureSupport.swift */; };
		35F8B8623FDF79130906A258 /* ServiceContracts.swift in Sources */ = {isa = PBXBuildFile; fileRef = C0F3270DD18B0CB0BA613F68 /* ServiceContracts.swift */; };
		38C2095418EC54ABE5B86CD6 /* AppView.swift in Sources */ = {isa = PBXBuildFile; fileRef = 807F1DBE3FA1D492D1160B2D /* AppView.swift */; };
		394A609B3E31AAA1B78E43D0 /* mvp-palettes-v1.json in Resources */ = {isa = PBXBuildFile; fileRef = C9C8FFDBD0B342CCBDCB6712 /* mvp-palettes-v1.json */; };
		4151412B3B64A914BCDEE59F /* DomainFixtures.swift in Sources */ = {isa = PBXBuildFile; fileRef = D5208914C66036D724C51E14 /* DomainFixtures.swift */; };
		47C4D0CE1C66607257994692 /* PartPlannerService.swift in Sources */ = {isa = PBXBuildFile; fileRef = AF4E8FA216D4D104518BB785 /* PartPlannerService.swift */; };
		499AFC7E6FCE1B4631ED9523 /* PipelineFixtureCatalogTests.swift in Sources */ = {isa = PBXBuildFile; fileRef = AD928D35790A12B85CF48D42 /* PipelineFixtureCatalogTests.swift */; };
		51B1E14D8FE6ED116FD51DF0 /* ProjectStorage.swift in Sources */ = {isa = PBXBuildFile; fileRef = 27328A1DFFB85E1B4100A41B /* ProjectStorage.swift */; };
		6D379CEC9512428B7A42FCA7 /* pipeline-fixtures-v1.json in Resources */ = {isa = PBXBuildFile; fileRef = 8F0A3757875B5948ED076FCC /* pipeline-fixtures-v1.json */; };
		7B8AA63AEE58C5D26A004924 /* MosaicGeneratorService.swift in Sources */ = {isa = PBXBuildFile; fileRef = C4340B149D50C0ED9B3F7B5D /* MosaicGeneratorService.swift */; };
		7C21BA37EF70E2DB46707A33 /* DomainModelError.swift in Sources */ = {isa = PBXBuildFile; fileRef = A72524E73BC66D1359123859 /* DomainModelError.swift */; };
		808FEE2CBD2D1F7799BA8CEC /* DomainModelTests.swift in Sources */ = {isa = PBXBuildFile; fileRef = 018174ECD6CE96BB27C3C982 /* DomainModelTests.swift */; };
		829DB268A9A5791D55A4F654 /* PreviewProjects.swift in Sources */ = {isa = PBXBuildFile; fileRef = EE6002C4F397D13D4E8D8BF9 /* PreviewProjects.swift */; };
		8C46580481DC1CA99E4D5E67 /* PaletteService.swift in Sources */ = {isa = PBXBuildFile; fileRef = A02B9DF8E2551EFF8678C4D5 /* PaletteService.swift */; };
		9265200C67750ED66E86AA26 /* SettingsView.swift in Sources */ = {isa = PBXBuildFile; fileRef = BA8AE3B34F7F68EA6C8A0343 /* SettingsView.swift */; };
		B3DB96675BD11DF262A17722 /* ProjectDetailView.swift in Sources */ = {isa = PBXBuildFile; fileRef = 3EE3227DE6F318912A4AF67D /* ProjectDetailView.swift */; };
		BEB8B00D8FF94B5274B81B6D /* ExportEngine.swift in Sources */ = {isa = PBXBuildFile; fileRef = 0B438B6CF9B3540D037A8458 /* ExportEngine.swift */; };
		C2069591EF909C1AA995F9FF /* BrickPalette.swift in Sources */ = {isa = PBXBuildFile; fileRef = CD949CBAEF2C82B40D19891A /* BrickPalette.swift */; };
		C6A4DA72755863F706FAFF10 /* PlaceholderScreen.swift in Sources */ = {isa = PBXBuildFile; fileRef = 52A14474999418FE4BEA892E /* PlaceholderScreen.swift */; };
		CF1148274402E687F2E96894 /* ColorMatcherService.swift in Sources */ = {isa = PBXBuildFile; fileRef = 01789753A54D8B48DE7835D4 /* ColorMatcherService.swift */; };
		CF38E8A4CC13CA635D788F19 /* PaletteServiceTests.swift in Sources */ = {isa = PBXBuildFile; fileRef = AC9629E4C96EFFCF190CA44D /* PaletteServiceTests.swift */; };
		E220D91BF91141428E6A48E2 /* AppTab.swift in Sources */ = {isa = PBXBuildFile; fileRef = A787C4D9FE97A055723F44F7 /* AppTab.swift */; };
		F10BF6B7E25F3BBF843DDB65 /* BrickCanvasApp.swift in Sources */ = {isa = PBXBuildFile; fileRef = 1C59FE7958A9652A98453F0E /* BrickCanvasApp.swift */; };
		FB7876CA6E36724D7749DC9E /* BrickColor.swift in Sources */ = {isa = PBXBuildFile; fileRef = 622642926E0A370DF5C63957 /* BrickColor.swift */; };
/* End PBXBuildFile section */

/* Begin PBXContainerItemProxy section */
		E6ABE08DC88871C0A885C3F1 /* PBXContainerItemProxy */ = {
			isa = PBXContainerItemProxy;
			containerPortal = EDD6B1B01E6ADBB9EC5D198C /* Project object */;
			proxyType = 1;
			remoteGlobalIDString = A035072FED6DF5A6A6168F91;
			remoteInfo = BrickCanvas;
		};
/* End PBXContainerItemProxy section */

/* Begin PBXFileReference section */
		009C834DB48C092DB1015255 /* PartRequirement.swift */ = {isa = PBXFileReference; lastKnownFileType = sourcecode.swift; path = PartRequirement.swift; sourceTree = "<group>"; };
		01789753A54D8B48DE7835D4 /* ColorMatcherService.swift */ = {isa = PBXFileReference; lastKnownFileType = sourcecode.swift; path = ColorMatcherService.swift; sourceTree = "<group>"; };
		018174ECD6CE96BB27C3C982 /* DomainModelTests.swift */ = {isa = PBXFileReference; lastKnownFileType = sourcecode.swift; path = DomainModelTests.swift; sourceTree = "<group>"; };
		0B438B6CF9B3540D037A8458 /* ExportEngine.swift */ = {isa = PBXFileReference; lastKnownFileType = sourcecode.swift; path = ExportEngine.swift; sourceTree = "<group>"; };
		0C750B13372C1E6C2AD86BF4 /* BrickCanvasProject.swift */ = {isa = PBXFileReference; lastKnownFileType = sourcecode.swift; path = BrickCanvasProject.swift; sourceTree = "<group>"; };
		1C59FE7958A9652A98453F0E /* BrickCanvasApp.swift */ = {isa = PBXFileReference; lastKnownFileType = sourcecode.swift; path = BrickCanvasApp.swift; sourceTree = "<group>"; };
		27328A1DFFB85E1B4100A41B /* ProjectStorage.swift */ = {isa = PBXFileReference; lastKnownFileType = sourcecode.swift; path = ProjectStorage.swift; sourceTree = "<group>"; };
		3EE3227DE6F318912A4AF67D /* ProjectDetailView.swift */ = {isa = PBXFileReference; lastKnownFileType = sourcecode.swift; path = ProjectDetailView.swift; sourceTree = "<group>"; };
		4D0A43D9C2331A94A30440AA /* Assets.xcassets */ = {isa = PBXFileReference; lastKnownFileType = folder.assetcatalog; path = Assets.xcassets; sourceTree = "<group>"; };
		52A14474999418FE4BEA892E /* PlaceholderScreen.swift */ = {isa = PBXFileReference; lastKnownFileType = sourcecode.swift; path = PlaceholderScreen.swift; sourceTree = "<group>"; };
		622642926E0A370DF5C63957 /* BrickColor.swift */ = {isa = PBXFileReference; lastKnownFileType = sourcecode.swift; path = BrickColor.swift; sourceTree = "<group>"; };
		652720582467A4724A7E2783 /* NewProjectView.swift */ = {isa = PBXFileReference; lastKnownFileType = sourcecode.swift; path = NewProjectView.swift; sourceTree = "<group>"; };
		807F1DBE3FA1D492D1160B2D /* AppView.swift */ = {isa = PBXFileReference; lastKnownFileType = sourcecode.swift; path = AppView.swift; sourceTree = "<group>"; };
		8F0A3757875B5948ED076FCC /* pipeline-fixtures-v1.json */ = {isa = PBXFileReference; lastKnownFileType = text.json; path = "pipeline-fixtures-v1.json"; sourceTree = "<group>"; };
		A02B9DF8E2551EFF8678C4D5 /* PaletteService.swift */ = {isa = PBXFileReference; lastKnownFileType = sourcecode.swift; path = PaletteService.swift; sourceTree = "<group>"; };
		A0F6FFA2D27797E0A9B78A8C /* MosaicGrid.swift */ = {isa = PBXFileReference; lastKnownFileType = sourcecode.swift; path = MosaicGrid.swift; sourceTree = "<group>"; };
		A72524E73BC66D1359123859 /* DomainModelError.swift */ = {isa = PBXFileReference; lastKnownFileType = sourcecode.swift; path = DomainModelError.swift; sourceTree = "<group>"; };
		A787C4D9FE97A055723F44F7 /* AppTab.swift */ = {isa = PBXFileReference; lastKnownFileType = sourcecode.swift; path = AppTab.swift; sourceTree = "<group>"; };
		AC9629E4C96EFFCF190CA44D /* PaletteServiceTests.swift */ = {isa = PBXFileReference; lastKnownFileType = sourcecode.swift; path = PaletteServiceTests.swift; sourceTree = "<group>"; };
		AD928D35790A12B85CF48D42 /* PipelineFixtureCatalogTests.swift */ = {isa = PBXFileReference; lastKnownFileType = sourcecode.swift; path = PipelineFixtureCatalogTests.swift; sourceTree = "<group>"; };
		AF4E8FA216D4D104518BB785 /* PartPlannerService.swift */ = {isa = PBXFileReference; lastKnownFileType = sourcecode.swift; path = PartPlannerService.swift; sourceTree = "<group>"; };
		B3182DF5BF077E08691A044C /* BrickCanvas.app */ = {isa = PBXFileReference; includeInIndex = 0; lastKnownFileType = wrapper.application; path = BrickCanvas.app; sourceTree = BUILT_PRODUCTS_DIR; };
		BA8AE3B34F7F68EA6C8A0343 /* SettingsView.swift */ = {isa = PBXFileReference; lastKnownFileType = sourcecode.swift; path = SettingsView.swift; sourceTree = "<group>"; };
		BE556B3C800E41ED603BF256 /* HomeView.swift */ = {isa = PBXFileReference; lastKnownFileType = sourcecode.swift; path = HomeView.swift; sourceTree = "<group>"; };
		C0F3270DD18B0CB0BA613F68 /* ServiceContracts.swift */ = {isa = PBXFileReference; lastKnownFileType = sourcecode.swift; path = ServiceContracts.swift; sourceTree = "<group>"; };
		C4340B149D50C0ED9B3F7B5D /* MosaicGeneratorService.swift */ = {isa = PBXFileReference; lastKnownFileType = sourcecode.swift; path = MosaicGeneratorService.swift; sourceTree = "<group>"; };
		C9C8FFDBD0B342CCBDCB6712 /* mvp-palettes-v1.json */ = {isa = PBXFileReference; lastKnownFileType = text.json; path = "mvp-palettes-v1.json"; sourceTree = "<group>"; };
		CD949CBAEF2C82B40D19891A /* BrickPalette.swift */ = {isa = PBXFileReference; lastKnownFileType = sourcecode.swift; path = BrickPalette.swift; sourceTree = "<group>"; };
		D49936810BD0B65DDAE074A9 /* BrickCanvasTests.xctest */ = {isa = PBXFileReference; includeInIndex = 0; lastKnownFileType = wrapper.cfbundle; path = BrickCanvasTests.xctest; sourceTree = BUILT_PRODUCTS_DIR; };
		D5208914C66036D724C51E14 /* DomainFixtures.swift */ = {isa = PBXFileReference; lastKnownFileType = sourcecode.swift; path = DomainFixtures.swift; sourceTree = "<group>"; };
		D88479A229C7CBC68EDC6376 /* ImageImportService.swift */ = {isa = PBXFileReference; lastKnownFileType = sourcecode.swift; path = ImageImportService.swift; sourceTree = "<group>"; };
		EE6002C4F397D13D4E8D8BF9 /* PreviewProjects.swift */ = {isa = PBXFileReference; lastKnownFileType = sourcecode.swift; path = PreviewProjects.swift; sourceTree = "<group>"; };
		EF473AF05CDD54493DABB32B /* PipelineFixtureSupport.swift */ = {isa = PBXFileReference; lastKnownFileType = sourcecode.swift; path = PipelineFixtureSupport.swift; sourceTree = "<group>"; };
/* End PBXFileReference section */

/* Begin PBXGroup section */
		0225A16D9F3273528292ACAA /* Fixtures */ = {
			isa = PBXGroup;
			children = (
				D5208914C66036D724C51E14 /* DomainFixtures.swift */,
			);
			path = Fixtures;
			sourceTree = "<group>";
		};
		04B75DCE22A101A65BD5214B /* Fixtures */ = {
			isa = PBXGroup;
			children = (
				AD928D35790A12B85CF48D42 /* PipelineFixtureCatalogTests.swift */,
			);
			path = Fixtures;
			sourceTree = "<group>";
		};
		0C8ADA3EAA5FE652F311693E /* Support */ = {
			isa = PBXGroup;
			children = (
				EF473AF05CDD54493DABB32B /* PipelineFixtureSupport.swift */,
			);
			path = Support;
			sourceTree = "<group>";
		};
		205BCF91122F4800DFBB1CD5 /* Settings */ = {
			isa = PBXGroup;
			children = (
				BA8AE3B34F7F68EA6C8A0343 /* SettingsView.swift */,
			);
			path = Settings;
			sourceTree = "<group>";
		};
		22911F9F0BB91185DCE7BD7A /* ExportEngine */ = {
			isa = PBXGroup;
			children = (
				0B438B6CF9B3540D037A8458 /* ExportEngine.swift */,
			);
			path = ExportEngine;
			sourceTree = "<group>";
		};
		2948735BD6304BB546911BE6 /* ColorMatcher */ = {
			isa = PBXGroup;
			children = (
				01789753A54D8B48DE7835D4 /* ColorMatcherService.swift */,
			);
			path = ColorMatcher;
			sourceTree = "<group>";
		};
		2FFC0C2247188AF5D155CFB8 = {
			isa = PBXGroup;
			children = (
				44CB1ABE8E2CD05497FDDF8C /* BrickCanvas */,
				603E094DAE67DFC4DBD8476B /* BrickCanvasTests */,
				6DEB47C63243769B90893DCA /* Products */,
			);
			sourceTree = "<group>";
		};
		3C3667CBB40C91CBC4C4FD3C /* Palette */ = {
			isa = PBXGroup;
			children = (
				AC9629E4C96EFFCF190CA44D /* PaletteServiceTests.swift */,
			);
			path = Palette;
			sourceTree = "<group>";
		};
		3D7816E8F4E24979B7F0C4D3 /* Domain */ = {
			isa = PBXGroup;
			children = (
				0225A16D9F3273528292ACAA /* Fixtures */,
				A77F4D92637432841D6500EA /* Models */,
				7B7865A7AEF9406D7978D082 /* Palette */,
			);
			path = Domain;
			sourceTree = "<group>";
		};
		44CB1ABE8E2CD05497FDDF8C /* BrickCanvas */ = {
			isa = PBXGroup;
			children = (
				FE3AF81176EC3ABB05F684F1 /* App */,
				3D7816E8F4E24979B7F0C4D3 /* Domain */,
				B9CED9AE854441CDC2004C6E /* Features */,
				4C393C2164A28798FA49B77C /* Resources */,
				7F0ED7121FECE5998CBF414F /* Services */,
				DEA30E5B644E6AEB31669A38 /* Shared */,
				DE8D01E750C2C938FE9F3B54 /* Storage */,
			);
			path = BrickCanvas;
			sourceTree = "<group>";
		};
		49423F2B9ED91B6F5A29F54E /* Palette */ = {
			isa = PBXGroup;
			children = (
				A02B9DF8E2551EFF8678C4D5 /* PaletteService.swift */,
			);
			path = Palette;
			sourceTree = "<group>";
		};
		4C393C2164A28798FA49B77C /* Resources */ = {
			isa = PBXGroup;
			children = (
				4D0A43D9C2331A94A30440AA /* Assets.xcassets */,
				62AC16E3990BC35AA030CFB8 /* Fixtures */,
				7F917011511B4BC38B38A57D /* Palette */,
			);
			path = Resources;
			sourceTree = "<group>";
		};
		4CA87E66F881E543CD03091F /* PreviewData */ = {
			isa = PBXGroup;
			children = (
				EE6002C4F397D13D4E8D8BF9 /* PreviewProjects.swift */,
			);
			path = PreviewData;
			sourceTree = "<group>";
		};
		4D800882272EE746ED49ECA6 /* ImageImport */ = {
			isa = PBXGroup;
			children = (
				D88479A229C7CBC68EDC6376 /* ImageImportService.swift */,
			);
			path = ImageImport;
			sourceTree = "<group>";
		};
		5DB5EBEB707C1D34AA88215F /* PartPlanner */ = {
			isa = PBXGroup;
			children = (
				AF4E8FA216D4D104518BB785 /* PartPlannerService.swift */,
			);
			path = PartPlanner;
			sourceTree = "<group>";
		};
		603E094DAE67DFC4DBD8476B /* BrickCanvasTests */ = {
			isa = PBXGroup;
			children = (
				BF82CFA3EA8951786D4F75D6 /* Domain */,
				04B75DCE22A101A65BD5214B /* Fixtures */,
				3C3667CBB40C91CBC4C4FD3C /* Palette */,
				0C8ADA3EAA5FE652F311693E /* Support */,
			);
			path = BrickCanvasTests;
			sourceTree = "<group>";
		};
		62AC16E3990BC35AA030CFB8 /* Fixtures */ = {
			isa = PBXGroup;
			children = (
				8F0A3757875B5948ED076FCC /* pipeline-fixtures-v1.json */,
			);
			path = Fixtures;
			sourceTree = "<group>";
		};
		6DEB47C63243769B90893DCA /* Products */ = {
			isa = PBXGroup;
			children = (
				B3182DF5BF077E08691A044C /* BrickCanvas.app */,
				D49936810BD0B65DDAE074A9 /* BrickCanvasTests.xctest */,
			);
			name = Products;
			sourceTree = "<group>";
		};
		7B7865A7AEF9406D7978D082 /* Palette */ = {
			isa = PBXGroup;
			children = (
				CD949CBAEF2C82B40D19891A /* BrickPalette.swift */,
			);
			path = Palette;
			sourceTree = "<group>";
		};
		7F0ED7121FECE5998CBF414F /* Services */ = {
			isa = PBXGroup;
			children = (
				C0F3270DD18B0CB0BA613F68 /* ServiceContracts.swift */,
				2948735BD6304BB546911BE6 /* ColorMatcher */,
				22911F9F0BB91185DCE7BD7A /* ExportEngine */,
				4D800882272EE746ED49ECA6 /* ImageImport */,
				8B4FAB711FAEA454B3C3FFAE /* MosaicGenerator */,
				49423F2B9ED91B6F5A29F54E /* Palette */,
				5DB5EBEB707C1D34AA88215F /* PartPlanner */,
			);
			path = Services;
			sourceTree = "<group>";
		};
		7F917011511B4BC38B38A57D /* Palette */ = {
			isa = PBXGroup;
			children = (
				C9C8FFDBD0B342CCBDCB6712 /* mvp-palettes-v1.json */,
			);
			path = Palette;
			sourceTree = "<group>";
		};
		8B4FAB711FAEA454B3C3FFAE /* MosaicGenerator */ = {
			isa = PBXGroup;
			children = (
				C4340B149D50C0ED9B3F7B5D /* MosaicGeneratorService.swift */,
			);
			path = MosaicGenerator;
			sourceTree = "<group>";
		};
		A77F4D92637432841D6500EA /* Models */ = {
			isa = PBXGroup;
			children = (
				0C750B13372C1E6C2AD86BF4 /* BrickCanvasProject.swift */,
				622642926E0A370DF5C63957 /* BrickColor.swift */,
				A72524E73BC66D1359123859 /* DomainModelError.swift */,
				A0F6FFA2D27797E0A9B78A8C /* MosaicGrid.swift */,
				009C834DB48C092DB1015255 /* PartRequirement.swift */,
			);
			path = Models;
			sourceTree = "<group>";
		};
		A993F578D57E54F831F07585 /* ProjectDetail */ = {
			isa = PBXGroup;
			children = (
				3EE3227DE6F318912A4AF67D /* ProjectDetailView.swift */,
			);
			path = ProjectDetail;
			sourceTree = "<group>";
		};
		B9CED9AE854441CDC2004C6E /* Features */ = {
			isa = PBXGroup;
			children = (
				C09A96F2F18453F34774E9D2 /* Home */,
				DC6358FAFEC9B7ECFEAD6870 /* NewProject */,
				A993F578D57E54F831F07585 /* ProjectDetail */,
				205BCF91122F4800DFBB1CD5 /* Settings */,
			);
			path = Features;
			sourceTree = "<group>";
		};
		BF82CFA3EA8951786D4F75D6 /* Domain */ = {
			isa = PBXGroup;
			children = (
				018174ECD6CE96BB27C3C982 /* DomainModelTests.swift */,
			);
			path = Domain;
			sourceTree = "<group>";
		};
		C09A96F2F18453F34774E9D2 /* Home */ = {
			isa = PBXGroup;
			children = (
				BE556B3C800E41ED603BF256 /* HomeView.swift */,
			);
			path = Home;
			sourceTree = "<group>";
		};
		DC6358FAFEC9B7ECFEAD6870 /* NewProject */ = {
			isa = PBXGroup;
			children = (
				652720582467A4724A7E2783 /* NewProjectView.swift */,
			);
			path = NewProject;
			sourceTree = "<group>";
		};
		DE8D01E750C2C938FE9F3B54 /* Storage */ = {
			isa = PBXGroup;
			children = (
				27328A1DFFB85E1B4100A41B /* ProjectStorage.swift */,
			);
			path = Storage;
			sourceTree = "<group>";
		};
		DEA30E5B644E6AEB31669A38 /* Shared */ = {
			isa = PBXGroup;
			children = (
				4CA87E66F881E543CD03091F /* PreviewData */,
				E3B5C147524C1656424BE91D /* UI */,
			);
			path = Shared;
			sourceTree = "<group>";
		};
		E3B5C147524C1656424BE91D /* UI */ = {
			isa = PBXGroup;
			children = (
				52A14474999418FE4BEA892E /* PlaceholderScreen.swift */,
			);
			path = UI;
			sourceTree = "<group>";
		};
		FE3AF81176EC3ABB05F684F1 /* App */ = {
			isa = PBXGroup;
			children = (
				A787C4D9FE97A055723F44F7 /* AppTab.swift */,
				807F1DBE3FA1D492D1160B2D /* AppView.swift */,
				1C59FE7958A9652A98453F0E /* BrickCanvasApp.swift */,
			);
			path = App;
			sourceTree = "<group>";
		};
/* End PBXGroup section */

/* Begin PBXNativeTarget section */
		A035072FED6DF5A6A6168F91 /* BrickCanvas */ = {
			isa = PBXNativeTarget;
			buildConfigurationList = B827192C7EEEA57A6FD10134 /* Build configuration list for PBXNativeTarget "BrickCanvas" */;
			buildPhases = (
				29641B56204C64BC74794FC9 /* Sources */,
				7C3EA916E0D2BE49AFFCED46 /* Resources */,
			);
			buildRules = (
			);
			dependencies = (
			);
			name = BrickCanvas;
			packageProductDependencies = (
			);
			productName = BrickCanvas;
			productReference = B3182DF5BF077E08691A044C /* BrickCanvas.app */;
			productType = "com.apple.product-type.application";
		};
		A955363A5DAA0B83D84BCF5C /* BrickCanvasTests */ = {
			isa = PBXNativeTarget;
			buildConfigurationList = 151E2F249D674B8F1635B0B8 /* Build configuration list for PBXNativeTarget "BrickCanvasTests" */;
			buildPhases = (
				70D5DE90F5B3A0BEDE199FF2 /* Sources */,
			);
			buildRules = (
			);
			dependencies = (
				7337F06D0E8B77E25E405D46 /* PBXTargetDependency */,
			);
			name = BrickCanvasTests;
			packageProductDependencies = (
			);
			productName = BrickCanvasTests;
			productReference = D49936810BD0B65DDAE074A9 /* BrickCanvasTests.xctest */;
			productType = "com.apple.product-type.bundle.unit-test";
		};
/* End PBXNativeTarget section */

/* Begin PBXProject section */
		EDD6B1B01E6ADBB9EC5D198C /* Project object */ = {
			isa = PBXProject;
			attributes = {
				BuildIndependentTargetsInParallel = YES;
				LastUpgradeCheck = 1430;
				TargetAttributes = {
					A035072FED6DF5A6A6168F91 = {
						DevelopmentTeam = "";
						ProvisioningStyle = Automatic;
					};
				};
			};
			buildConfigurationList = 8ED7BDB9DD53B2BF637BD2EF /* Build configuration list for PBXProject "BrickCanvas" */;
			developmentRegion = en;
			hasScannedForEncodings = 0;
			knownRegions = (
				Base,
				en,
			);
			mainGroup = 2FFC0C2247188AF5D155CFB8;
			minimizedProjectReferenceProxies = 1;
			preferredProjectObjectVersion = 77;
			productRefGroup = 6DEB47C63243769B90893DCA /* Products */;
			projectDirPath = "";
			projectRoot = "";
			targets = (
				A035072FED6DF5A6A6168F91 /* BrickCanvas */,
				A955363A5DAA0B83D84BCF5C /* BrickCanvasTests */,
			);
		};
/* End PBXProject section */

/* Begin PBXResourcesBuildPhase section */
		7C3EA916E0D2BE49AFFCED46 /* Resources */ = {
			isa = PBXResourcesBuildPhase;
			buildActionMask = 2147483647;
			files = (
				10E328BFA67381E82DA0EB31 /* Assets.xcassets in Resources */,
				394A609B3E31AAA1B78E43D0 /* mvp-palettes-v1.json in Resources */,
				6D379CEC9512428B7A42FCA7 /* pipeline-fixtures-v1.json in Resources */,
			);
			runOnlyForDeploymentPostprocessing = 0;
		};
/* End PBXResourcesBuildPhase section */

/* Begin PBXSourcesBuildPhase section */
		29641B56204C64BC74794FC9 /* Sources */ = {
			isa = PBXSourcesBuildPhase;
			buildActionMask = 2147483647;
			files = (
				E220D91BF91141428E6A48E2 /* AppTab.swift in Sources */,
				38C2095418EC54ABE5B86CD6 /* AppView.swift in Sources */,
				F10BF6B7E25F3BBF843DDB65 /* BrickCanvasApp.swift in Sources */,
				2B0493190267D2EE1262B432 /* BrickCanvasProject.swift in Sources */,
				FB7876CA6E36724D7749DC9E /* BrickColor.swift in Sources */,
				C2069591EF909C1AA995F9FF /* BrickPalette.swift in Sources */,
				CF1148274402E687F2E96894 /* ColorMatcherService.swift in Sources */,
				4151412B3B64A914BCDEE59F /* DomainFixtures.swift in Sources */,
				7C21BA37EF70E2DB46707A33 /* DomainModelError.swift in Sources */,
				BEB8B00D8FF94B5274B81B6D /* ExportEngine.swift in Sources */,
				333F0DADFD19AADA5C830913 /* HomeView.swift in Sources */,
				0E9BD9BFDA7608BC52219787 /* ImageImportService.swift in Sources */,
				7B8AA63AEE58C5D26A004924 /* MosaicGeneratorService.swift in Sources */,
				1F65914E2EBC9749C826EBF4 /* MosaicGrid.swift in Sources */,
				181CE4078562ECCEFB887B55 /* NewProjectView.swift in Sources */,
				8C46580481DC1CA99E4D5E67 /* PaletteService.swift in Sources */,
				47C4D0CE1C66607257994692 /* PartPlannerService.swift in Sources */,
				0A1170E1E8FC38EF56C3107B /* PartRequirement.swift in Sources */,
				C6A4DA72755863F706FAFF10 /* PlaceholderScreen.swift in Sources */,
				829DB268A9A5791D55A4F654 /* PreviewProjects.swift in Sources */,
				B3DB96675BD11DF262A17722 /* ProjectDetailView.swift in Sources */,
				51B1E14D8FE6ED116FD51DF0 /* ProjectStorage.swift in Sources */,
				35F8B8623FDF79130906A258 /* ServiceContracts.swift in Sources */,
				9265200C67750ED66E86AA26 /* SettingsView.swift in Sources */,
			);
			runOnlyForDeploymentPostprocessing = 0;
		};
		70D5DE90F5B3A0BEDE199FF2 /* Sources */ = {
			isa = PBXSourcesBuildPhase;
			buildActionMask = 2147483647;
			files = (
				808FEE2CBD2D1F7799BA8CEC /* DomainModelTests.swift in Sources */,
				CF38E8A4CC13CA635D788F19 /* PaletteServiceTests.swift in Sources */,
				499AFC7E6FCE1B4631ED9523 /* PipelineFixtureCatalogTests.swift in Sources */,
				33DBE881BAECAFB098DB5392 /* PipelineFixtureSupport.swift in Sources */,
			);
			runOnlyForDeploymentPostprocessing = 0;
		};
/* End PBXSourcesBuildPhase section */

/* Begin PBXTargetDependency section */
		7337F06D0E8B77E25E405D46 /* PBXTargetDependency */ = {
			isa = PBXTargetDependency;
			target = A035072FED6DF5A6A6168F91 /* BrickCanvas */;
			targetProxy = E6ABE08DC88871C0A885C3F1 /* PBXContainerItemProxy */;
		};
/* End PBXTargetDependency section */

/* Begin XCBuildConfiguration section */
		1ABF162DBF92313AEDBE5A9C /* Release */ = {
			isa = XCBuildConfiguration;
			buildSettings = {
				ASSETCATALOG_COMPILER_APPICON_NAME = AppIcon;
				CODE_SIGN_IDENTITY = "iPhone Developer";
				CODE_SIGN_STYLE = Automatic;
				DEVELOPMENT_TEAM = "";
				GENERATE_INFOPLIST_FILE = YES;
				INFOPLIST_KEY_CFBundleDisplayName = BrickCanvas;
				INFOPLIST_KEY_UIApplicationSceneManifest_Generation = YES;
				INFOPLIST_KEY_UILaunchScreen_Generation = YES;
				INFOPLIST_KEY_UIStatusBarStyle = UIStatusBarStyleDefault;
				IPHONEOS_DEPLOYMENT_TARGET = 26.2;
				LD_RUNPATH_SEARCH_PATHS = (
					"$(inherited)",
					"@executable_path/Frameworks",
				);
				PRODUCT_BUNDLE_IDENTIFIER = com.mpwg.BrickCanvas;
				SDKROOT = iphoneos;
				SUPPORTS_MACCATALYST = NO;
				TARGETED_DEVICE_FAMILY = "1,2";
			};
			name = Release;
		};
		27FCEB704C6EC2C696A140E7 /* Release */ = {
			isa = XCBuildConfiguration;
			buildSettings = {
				BUNDLE_LOADER = "$(TEST_HOST)";
				GENERATE_INFOPLIST_FILE = YES;
				IPHONEOS_DEPLOYMENT_TARGET = 26.2;
				LD_RUNPATH_SEARCH_PATHS = (
					"$(inherited)",
					"@executable_path/Frameworks",
					"@loader_path/Frameworks",
				);
				PRODUCT_BUNDLE_IDENTIFIER = com.mpwg.BrickCanvasTests;
				PRODUCT_MODULE_NAME = BrickCanvasTests;
				PRODUCT_NAME = BrickCanvasTests;
				SDKROOT = iphoneos;
				TARGETED_DEVICE_FAMILY = "1,2";
				TEST_HOST = "$(BUILT_PRODUCTS_DIR)/BrickCanvas.app/BrickCanvas";
			};
			name = Release;
		};
		3BBCB5B86BECEA5F3BAF2D90 /* Release */ = {
			isa = XCBuildConfiguration;
			buildSettings = {
				ALWAYS_SEARCH_USER_PATHS = NO;
				CLANG_ANALYZER_NONNULL = YES;
				CLANG_ANALYZER_NUMBER_OBJECT_CONVERSION = YES_AGGRESSIVE;
				CLANG_CXX_LANGUAGE_STANDARD = "gnu++14";
				CLANG_CXX_LIBRARY = "libc++";
				CLANG_ENABLE_MODULES = YES;
				CLANG_ENABLE_OBJC_ARC = YES;
				CLANG_ENABLE_OBJC_WEAK = YES;
				CLANG_WARN_BLOCK_CAPTURE_AUTORELEASING = YES;
				CLANG_WARN_BOOL_CONVERSION = YES;
				CLANG_WARN_COMMA = YES;
				CLANG_WARN_CONSTANT_CONVERSION = YES;
				CLANG_WARN_DEPRECATED_OBJC_IMPLEMENTATIONS = YES;
				CLANG_WARN_DIRECT_OBJC_ISA_USAGE = YES_ERROR;
				CLANG_WARN_DOCUMENTATION_COMMENTS = YES;
				CLANG_WARN_EMPTY_BODY = YES;
				CLANG_WARN_ENUM_CONVERSION = YES;
				CLANG_WARN_INFINITE_RECURSION = YES;
				CLANG_WARN_INT_CONVERSION = YES;
				CLANG_WARN_NON_LITERAL_NULL_CONVERSION = YES;
				CLANG_WARN_OBJC_IMPLICIT_RETAIN_SELF = YES;
				CLANG_WARN_OBJC_LITERAL_CONVERSION = YES;
				CLANG_WARN_OBJC_ROOT_CLASS = YES_ERROR;
				CLANG_WARN_QUOTED_INCLUDE_IN_FRAMEWORK_HEADER = YES;
				CLANG_WARN_RANGE_LOOP_ANALYSIS = YES;
				CLANG_WARN_STRICT_PROTOTYPES = YES;
				CLANG_WARN_SUSPICIOUS_MOVE = YES;
				CLANG_WARN_UNGUARDED_AVAILABILITY = YES_AGGRESSIVE;
				CLANG_WARN_UNREACHABLE_CODE = YES;
				CLANG_WARN__DUPLICATE_METHOD_MATCH = YES;
				COPY_PHASE_STRIP = NO;
				DEBUG_INFORMATION_FORMAT = "dwarf-with-dsym";
				ENABLE_NS_ASSERTIONS = NO;
				ENABLE_STRICT_OBJC_MSGSEND = YES;
				GCC_C_LANGUAGE_STANDARD = gnu11;
				GCC_NO_COMMON_BLOCKS = YES;
				GCC_WARN_64_TO_32_BIT_CONVERSION = YES;
				GCC_WARN_ABOUT_RETURN_TYPE = YES_ERROR;
				GCC_WARN_UNDECLARED_SELECTOR = YES;
				GCC_WARN_UNINITIALIZED_AUTOS = YES_AGGRESSIVE;
				GCC_WARN_UNUSED_FUNCTION = YES;
				GCC_WARN_UNUSED_VARIABLE = YES;
				IPHONEOS_DEPLOYMENT_TARGET = 26.2;
				MTL_ENABLE_DEBUG_INFO = NO;
				MTL_FAST_MATH = YES;
				PRODUCT_NAME = BrickCanvas;
				SDKROOT = iphoneos;
				SWIFT_COMPILATION_MODE = wholemodule;
				SWIFT_OPTIMIZATION_LEVEL = "-O";
				SWIFT_VERSION = 6.0;
			};
			name = Release;
		};
		548CF2F24DA31C77B503BC50 /* Debug */ = {
			isa = XCBuildConfiguration;
			buildSettings = {
				ASSETCATALOG_COMPILER_APPICON_NAME = AppIcon;
				CODE_SIGN_IDENTITY = "iPhone Developer";
				CODE_SIGN_STYLE = Automatic;
				DEVELOPMENT_TEAM = "";
				GENERATE_INFOPLIST_FILE = YES;
				INFOPLIST_KEY_CFBundleDisplayName = BrickCanvas;
				INFOPLIST_KEY_UIApplicationSceneManifest_Generation = YES;
				INFOPLIST_KEY_UILaunchScreen_Generation = YES;
				INFOPLIST_KEY_UIStatusBarStyle = UIStatusBarStyleDefault;
				IPHONEOS_DEPLOYMENT_TARGET = 26.2;
				LD_RUNPATH_SEARCH_PATHS = (
					"$(inherited)",
					"@executable_path/Frameworks",
				);
				PRODUCT_BUNDLE_IDENTIFIER = com.mpwg.BrickCanvas;
				SDKROOT = iphoneos;
				SUPPORTS_MACCATALYST = NO;
				TARGETED_DEVICE_FAMILY = "1,2";
			};
			name = Debug;
		};
		81A4D804FBFEF4BD95BFA52F /* Debug */ = {
			isa = XCBuildConfiguration;
			buildSettings = {
				BUNDLE_LOADER = "$(TEST_HOST)";
				GENERATE_INFOPLIST_FILE = YES;
				IPHONEOS_DEPLOYMENT_TARGET = 26.2;
				LD_RUNPATH_SEARCH_PATHS = (
					"$(inherited)",
					"@executable_path/Frameworks",
					"@loader_path/Frameworks",
				);
				PRODUCT_BUNDLE_IDENTIFIER = com.mpwg.BrickCanvasTests;
				PRODUCT_MODULE_NAME = BrickCanvasTests;
				PRODUCT_NAME = BrickCanvasTests;
				SDKROOT = iphoneos;
				TARGETED_DEVICE_FAMILY = "1,2";
				TEST_HOST = "$(BUILT_PRODUCTS_DIR)/BrickCanvas.app/BrickCanvas";
			};
			name = Debug;
		};
		DB155D38049605F89829B67E /* Debug */ = {
			isa = XCBuildConfiguration;
			buildSettings = {
				ALWAYS_SEARCH_USER_PATHS = NO;
				CLANG_ANALYZER_NONNULL = YES;
				CLANG_ANALYZER_NUMBER_OBJECT_CONVERSION = YES_AGGRESSIVE;
				CLANG_CXX_LANGUAGE_STANDARD = "gnu++14";
				CLANG_CXX_LIBRARY = "libc++";
				CLANG_ENABLE_MODULES = YES;
				CLANG_ENABLE_OBJC_ARC = YES;
				CLANG_ENABLE_OBJC_WEAK = YES;
				CLANG_WARN_BLOCK_CAPTURE_AUTORELEASING = YES;
				CLANG_WARN_BOOL_CONVERSION = YES;
				CLANG_WARN_COMMA = YES;
				CLANG_WARN_CONSTANT_CONVERSION = YES;
				CLANG_WARN_DEPRECATED_OBJC_IMPLEMENTATIONS = YES;
				CLANG_WARN_DIRECT_OBJC_ISA_USAGE = YES_ERROR;
				CLANG_WARN_DOCUMENTATION_COMMENTS = YES;
				CLANG_WARN_EMPTY_BODY = YES;
				CLANG_WARN_ENUM_CONVERSION = YES;
				CLANG_WARN_INFINITE_RECURSION = YES;
				CLANG_WARN_INT_CONVERSION = YES;
				CLANG_WARN_NON_LITERAL_NULL_CONVERSION = YES;
				CLANG_WARN_OBJC_IMPLICIT_RETAIN_SELF = YES;
				CLANG_WARN_OBJC_LITERAL_CONVERSION = YES;
				CLANG_WARN_OBJC_ROOT_CLASS = YES_ERROR;
				CLANG_WARN_QUOTED_INCLUDE_IN_FRAMEWORK_HEADER = YES;
				CLANG_WARN_RANGE_LOOP_ANALYSIS = YES;
				CLANG_WARN_STRICT_PROTOTYPES = YES;
				CLANG_WARN_SUSPICIOUS_MOVE = YES;
				CLANG_WARN_UNGUARDED_AVAILABILITY = YES_AGGRESSIVE;
				CLANG_WARN_UNREACHABLE_CODE = YES;
				CLANG_WARN__DUPLICATE_METHOD_MATCH = YES;
				COPY_PHASE_STRIP = NO;
				DEBUG_INFORMATION_FORMAT = dwarf;
				ENABLE_STRICT_OBJC_MSGSEND = YES;
				ENABLE_TESTABILITY = YES;
				GCC_C_LANGUAGE_STANDARD = gnu11;
				GCC_DYNAMIC_NO_PIC = NO;
				GCC_NO_COMMON_BLOCKS = YES;
				GCC_OPTIMIZATION_LEVEL = 0;
				GCC_PREPROCESSOR_DEFINITIONS = (
					"$(inherited)",
					"DEBUG=1",
				);
				GCC_WARN_64_TO_32_BIT_CONVERSION = YES;
				GCC_WARN_ABOUT_RETURN_TYPE = YES_ERROR;
				GCC_WARN_UNDECLARED_SELECTOR = YES;
				GCC_WARN_UNINITIALIZED_AUTOS = YES_AGGRESSIVE;
				GCC_WARN_UNUSED_FUNCTION = YES;
				GCC_WARN_UNUSED_VARIABLE = YES;
				IPHONEOS_DEPLOYMENT_TARGET = 26.2;
				MTL_ENABLE_DEBUG_INFO = INCLUDE_SOURCE;
				MTL_FAST_MATH = YES;
				ONLY_ACTIVE_ARCH = YES;
				PRODUCT_NAME = BrickCanvas;
				SDKROOT = iphoneos;
				SWIFT_ACTIVE_COMPILATION_CONDITIONS = DEBUG;
				SWIFT_OPTIMIZATION_LEVEL = "-Onone";
				SWIFT_VERSION = 6.0;
			};
			name = Debug;
		};
/* End XCBuildConfiguration section */

/* Begin XCConfigurationList section */
		151E2F249D674B8F1635B0B8 /* Build configuration list for PBXNativeTarget "BrickCanvasTests" */ = {
			isa = XCConfigurationList;
			buildConfigurations = (
				81A4D804FBFEF4BD95BFA52F /* Debug */,
				27FCEB704C6EC2C696A140E7 /* Release */,
			);
			defaultConfigurationIsVisible = 0;
			defaultConfigurationName = Debug;
		};
		8ED7BDB9DD53B2BF637BD2EF /* Build configuration list for PBXProject "BrickCanvas" */ = {
			isa = XCConfigurationList;
			buildConfigurations = (
				DB155D38049605F89829B67E /* Debug */,
				3BBCB5B86BECEA5F3BAF2D90 /* Release */,
			);
			defaultConfigurationIsVisible = 0;
			defaultConfigurationName = Debug;
		};
		B827192C7EEEA57A6FD10134 /* Build configuration list for PBXNativeTarget "BrickCanvas" */ = {
			isa = XCConfigurationList;
			buildConfigurations = (
				548CF2F24DA31C77B503BC50 /* Debug */,
				1ABF162DBF92313AEDBE5A9C /* Release */,
			);
			defaultConfigurationIsVisible = 0;
			defaultConfigurationName = Debug;
		};
/* End XCConfigurationList section */
	};
	rootObject = EDD6B1B01E6ADBB9EC5D198C /* Project object */;
}
